
Microsoft Visual Studio Solution File, Format Version 12.00
# Visual Studio Version 17
VisualStudioVersion = 17.0.31903.59
MinimumVisualStudioVersion = 10.0.40219.1
Project("{2150E333-8FDC-42A3-9474-1A3956D46DE8}") = "src", "src", "{827E0CD3-B72D-47B6-A68D-7590B98EB39B}"
EndProject
Project("{FAE04EC0-301F-11D3-BF4B-00C04F79EFBC}") = "MySolution.WebAPI", "src\MySolution.WebAPI\MySolution.WebAPI.csproj", "{8C63D75D-2E1F-479C-ABAA-59752A9ABE08}"
EndProject
Project("{FAE04EC0-301F-11D3-BF4B-00C04F79EFBC}") = "MySolution.WorkerService", "src\MySolution.WorkerService\MySolution.WorkerService.csproj", "{824B66FD-A894-40B5-891F-1A7DACCB6CE8}"
EndProject
Project("{FAE04EC0-301F-11D3-BF4B-00C04F79EFBC}") = "MySolution.Application", "src\MySolution.Application\MySolution.Application.csproj", "{0ECD4DEC-D304-493E-B4ED-C690979C3B17}"
EndProject
Project("{FAE04EC0-301F-11D3-BF4B-00C04F79EFBC}") = "MySolution.Domain", "src\MySolution.Domain\MySolution.Domain.csproj", "{4A22FD54-DA3A-4FF2-98BA-26FC6D259BDA}"
EndProject
Project("{FAE04EC0-301F-11D3-BF4B-00C04F79EFBC}") = "MySolution.Infrastructure", "src\MySolution.Infrastructure\MySolution.Infrastructure.csproj", "{2D6B26D8-81DB-457C-9901-1403F1CC0F14}"
EndProject
Project("{FAE04EC0-301F-11D3-BF4B-00C04F79EFBC}") = "MySolution.Jobs", "src\MySolution.Jobs\MySolution.Jobs.csproj", "{4C23B88D-61A4-493C-AA3C-CF25BD5738CB}"
EndProject
Global
	GlobalSection(SolutionConfigurationPlatforms) = preSolution
		Debug|Any CPU = Debug|Any CPU
		Debug|x64 = Debug|x64
		Debug|x86 = Debug|x86
		Release|Any CPU = Release|Any CPU
		Release|x64 = Release|x64
		Release|x86 = Release|x86
	EndGlobalSection
	GlobalSection(ProjectConfigurationPlatforms) = postSolution
		{8C63D75D-2E1F-479C-ABAA-59752A9ABE08}.Debug|Any CPU.ActiveCfg = Debug|Any CPU
		{8C63D75D-2E1F-479C-ABAA-59752A9ABE08}.Debug|Any CPU.Build.0 = Debug|Any CPU
		{8C63D75D-2E1F-479C-ABAA-59752A9ABE08}.Debug|x64.ActiveCfg = Debug|Any CPU
		{8C63D75D-2E1F-479C-ABAA-59752A9ABE08}.Debug|x64.Build.0 = Debug|Any CPU
		{8C63D75D-2E1F-479C-ABAA-59752A9ABE08}.Debug|x86.ActiveCfg = Debug|Any CPU
		{8C63D75D-2E1F-479C-ABAA-59752A9ABE08}.Debug|x86.Build.0 = Debug|Any CPU
		{8C63D75D-2E1F-479C-ABAA-59752A9ABE08}.Release|Any CPU.ActiveCfg = Release|Any CPU
		{8C63D75D-2E1F-479C-ABAA-59752A9ABE08}.Release|Any CPU.Build.0 = Release|Any CPU
		{8C63D75D-2E1F-479C-ABAA-59752A9ABE08}.Release|x64.ActiveCfg = Release|Any CPU
		{8C63D75D-2E1F-479C-ABAA-59752A9ABE08}.Release|x64.Build.0 = Release|Any CPU
		{8C63D75D-2E1F-479C-ABAA-59752A9ABE08}.Release|x86.ActiveCfg = Release|Any CPU
		{8C63D75D-2E1F-479C-ABAA-59752A9ABE08}.Release|x86.Build.0 = Release|Any CPU
		{824B66FD-A894-40B5-891F-1A7DACCB6CE8}.Debug|Any CPU.ActiveCfg = Debug|Any CPU
		{824B66FD-A894-40B5-891F-1A7DACCB6CE8}.Debug|Any CPU.Build.0 = Debug|Any CPU
		{824B66FD-A894-40B5-891F-1A7DACCB6CE8}.Debug|x64.ActiveCfg = Debug|Any CPU
		{824B66FD-A894-40B5-891F-1A7DACCB6CE8}.Debug|x64.Build.0 = Debug|Any CPU
		{824B66FD-A894-40B5-891F-1A7DACCB6CE8}.Debug|x86.ActiveCfg = Debug|Any CPU
		{824B66FD-A894-40B5-891F-1A7DACCB6CE8}.Debug|x86.Build.0 = Debug|Any CPU
		{824B66FD-A894-40B5-891F-1A7DACCB6CE8}.Release|Any CPU.ActiveCfg = Release|Any CPU
		{824B66FD-A894-40B5-891F-1A7DACCB6CE8}.Release|Any CPU.Build.0 = Release|Any CPU
		{824B66FD-A894-40B5-891F-1A7DACCB6CE8}.Release|x64.ActiveCfg = Release|Any CPU
		{824B66FD-A894-40B5-891F-1A7DACCB6CE8}.Release|x64.Build.0 = Release|Any CPU
		{824B66FD-A894-40B5-891F-1A7DACCB6CE8}.Release|x86.ActiveCfg = Release|Any CPU
		{824B66FD-A894-40B5-891F-1A7DACCB6CE8}.Release|x86.Build.0 = Release|Any CPU
		{0ECD4DEC-D304-493E-B4ED-C690979C3B17}.Debug|Any CPU.ActiveCfg = Debug|Any CPU
		{0ECD4DEC-D304-493E-B4ED-C690979C3B17}.Debug|Any CPU.Build.0 = Debug|Any CPU
		{0ECD4DEC-D304-493E-B4ED-C690979C3B17}.Debug|x64.ActiveCfg = Debug|Any CPU
		{0ECD4DEC-D304-493E-B4ED-C690979C3B17}.Debug|x64.Build.0 = Debug|Any CPU
		{0ECD4DEC-D304-493E-B4ED-C690979C3B17}.Debug|x86.ActiveCfg = Debug|Any CPU
		{0ECD4DEC-D304-493E-B4ED-C690979C3B17}.Debug|x86.Build.0 = Debug|Any CPU
		{0ECD4DEC-D304-493E-B4ED-C690979C3B17}.Release|Any CPU.ActiveCfg = Release|Any CPU
		{0ECD4DEC-D304-493E-B4ED-C690979C3B17}.Release|Any CPU.Build.0 = Release|Any CPU
		{0ECD4DEC-D304-493E-B4ED-C690979C3B17}.Release|x64.ActiveCfg = Release|Any CPU
		{0ECD4DEC-D304-493E-B4ED-C690979C3B17}.Release|x64.Build.0 = Release|Any CPU
		{0ECD4DEC-D304-493E-B4ED-C690979C3B17}.Release|x86.ActiveCfg = Release|Any CPU
		{0ECD4DEC-D304-493E-B4ED-C690979C3B17}.Release|x86.Build.0 = Release|Any CPU
		{4A22FD54-DA3A-4FF2-98BA-26FC6D259BDA}.Debug|Any CPU.ActiveCfg = Debug|Any CPU
		{4A22FD54-DA3A-4FF2-98BA-26FC6D259BDA}.Debug|Any CPU.Build.0 = Debug|Any CPU
		{4A22FD54-DA3A-4FF2-98BA-26FC6D259BDA}.Debug|x64.ActiveCfg = Debug|Any CPU
		{4A22FD54-DA3A-4FF2-98BA-26FC6D259BDA}.Debug|x64.Build.0 = Debug|Any CPU
		{4A22FD54-DA3A-4FF2-98BA-26FC6D259BDA}.Debug|x86.ActiveCfg = Debug|Any CPU
		{4A22FD54-DA3A-4FF2-98BA-26FC6D259BDA}.Debug|x86.Build.0 = Debug|Any CPU
		{4A22FD54-DA3A-4FF2-98BA-26FC6D259BDA}.Release|Any CPU.ActiveCfg = Release|Any CPU
		{4A22FD54-DA3A-4FF2-98BA-26FC6D259BDA}.Release|Any CPU.Build.0 = Release|Any CPU
		{4A22FD54-DA3A-4FF2-98BA-26FC6D259BDA}.Release|x64.ActiveCfg = Release|Any CPU
		{4A22FD54-DA3A-4FF2-98BA-26FC6D259BDA}.Release|x64.Build.0 = Release|Any CPU
		{4A22FD54-DA3A-4FF2-98BA-26FC6D259BDA}.Release|x86.ActiveCfg = Release|Any CPU
		{4A22FD54-DA3A-4FF2-98BA-26FC6D259BDA}.Release|x86.Build.0 = Release|Any CPU
		{2D6B26D8-81DB-457C-9901-1403F1CC0F14}.Debug|Any CPU.ActiveCfg = Debug|Any CPU
		{2D6B26D8-81DB-457C-9901-1403F1CC0F14}.Debug|Any CPU.Build.0 = Debug|Any CPU
		{2D6B26D8-81DB-457C-9901-1403F1CC0F14}.Debug|x64.ActiveCfg = Debug|Any CPU
		{2D6B26D8-81DB-457C-9901-1403F1CC0F14}.Debug|x64.Build.0 = Debug|Any CPU
		{2D6B26D8-81DB-457C-9901-1403F1CC0F14}.Debug|x86.ActiveCfg = Debug|Any CPU
		{2D6B26D8-81DB-457C-9901-1403F1CC0F14}.Debug|x86.Build.0 = Debug|Any CPU
		{2D6B26D8-81DB-457C-9901-1403F1CC0F14}.Release|Any CPU.ActiveCfg = Release|Any CPU
		{2D6B26D8-81DB-457C-9901-1403F1CC0F14}.Release|Any CPU.Build.0 = Release|Any CPU
		{2D6B26D8-81DB-457C-9901-1403F1CC0F14}.Release|x64.ActiveCfg = Release|Any CPU
		{2D6B26D8-81DB-457C-9901-1403F1CC0F14}.Release|x64.Build.0 = Release|Any CPU
		{2D6B26D8-81DB-457C-9901-1403F1CC0F14}.Release|x86.ActiveCfg = Release|Any CPU
		{2D6B26D8-81DB-457C-9901-1403F1CC0F14}.Release|x86.Build.0 = Release|Any CPU
		{4C23B88D-61A4-493C-AA3C-CF25BD5738CB}.Debug|Any CPU.ActiveCfg = Debug|Any CPU
		{4C23B88D-61A4-493C-AA3C-CF25BD5738CB}.Debug|Any CPU.Build.0 = Debug|Any CPU
		{4C23B88D-61A4-493C-AA3C-CF25BD5738CB}.Debug|x64.ActiveCfg = Debug|Any CPU
		{4C23B88D-61A4-493C-AA3C-CF25BD5738CB}.Debug|x64.Build.0 = Debug|Any CPU
		{4C23B88D-61A4-493C-AA3C-CF25BD5738CB}.Debug|x86.ActiveCfg = Debug|Any CPU
		{4C23B88D-61A4-493C-AA3C-CF25BD5738CB}.Debug|x86.Build.0 = Debug|Any CPU
		{4C23B88D-61A4-493C-AA3C-CF25BD5738CB}.Release|Any CPU.ActiveCfg = Release|Any CPU
		{4C23B88D-61A4-493C-AA3C-CF25BD5738CB}.Release|Any CPU.Build.0 = Release|Any CPU
		{4C23B88D-61A4-493C-AA3C-CF25BD5738CB}.Release|x64.ActiveCfg = Release|Any CPU
		{4C23B88D-61A4-493C-AA3C-CF25BD5738CB}.Release|x64.Build.0 = Release|Any CPU
		{4C23B88D-61A4-493C-AA3C-CF25BD5738CB}.Release|x86.ActiveCfg = Release|Any CPU
		{4C23B88D-61A4-493C-AA3C-CF25BD5738CB}.Release|x86.Build.0 = Release|Any CPU
	EndGlobalSection
	GlobalSection(SolutionProperties) = preSolution
		HideSolutionNode = FALSE
	EndGlobalSection
	GlobalSection(NestedProjects) = preSolution
		{8C63D75D-2E1F-479C-ABAA-59752A9ABE08} = {827E0CD3-B72D-47B6-A68D-7590B98EB39B}
		{824B66FD-A894-40B5-891F-1A7DACCB6CE8} = {827E0CD3-B72D-47B6-A68D-7590B98EB39B}
		{0ECD4DEC-D304-493E-B4ED-C690979C3B17} = {827E0CD3-B72D-47B6-A68D-7590B98EB39B}
		{4A22FD54-DA3A-4FF2-98BA-26FC6D259BDA} = {827E0CD3-B72D-47B6-A68D-7590B98EB39B}
		{2D6B26D8-81DB-457C-9901-1403F1CC0F14} = {827E0CD3-B72D-47B6-A68D-7590B98EB39B}
		{4C23B88D-61A4-493C-AA3C-CF25BD5738CB} = {827E0CD3-B72D-47B6-A68D-7590B98EB39B}
	EndGlobalSection
EndGlobal
